
Microsoft Visual Studio Solution File, Format Version 12.00
# Visual Studio 15
VisualStudioVersion = 15.0.27703.2018
MinimumVisualStudioVersion = 10.0.40219.1
Project("{9A19103F-16F7-4668-BE54-9A1E7A4F7556}") = "Dependable", "Dependable\Dependable.csproj", "{2B6C781B-C4D2-44E5-B50E-28490FED7CD7}"
EndProject
Project("{9A19103F-16F7-4668-BE54-9A1E7A4F7556}") = "Dependable.Tests", "DependableTest\Dependable.Tests.csproj", "{1B47EBA6-A0DE-4FBB-B479-71D650CA2798}"
EndProject
Project("{9A19103F-16F7-4668-BE54-9A1E7A4F7556}") = "DependableWebCore", "DependableWeb\DependableWebCore.csproj", "{7384B35C-841C-4596-AAB8-AE2A5DE17542}"
EndProject
Global
	GlobalSection(SolutionConfigurationPlatforms) = preSolution
		Debug|Any CPU = Debug|Any CPU
		Release|Any CPU = Release|Any CPU
	EndGlobalSection
	GlobalSection(ProjectConfigurationPlatforms) = postSolution
		{2B6C781B-C4D2-44E5-B50E-28490FED7CD7}.Debug|Any CPU.ActiveCfg = Debug|Any CPU
		{2B6C781B-C4D2-44E5-B50E-28490FED7CD7}.Debug|Any CPU.Build.0 = Debug|Any CPU
		{2B6C781B-C4D2-44E5-B50E-28490FED7CD7}.Release|Any CPU.ActiveCfg = Release|Any CPU
		{2B6C781B-C4D2-44E5-B50E-28490FED7CD7}.Release|Any CPU.Build.0 = Release|Any CPU
		{1B47EBA6-A0DE-4FBB-B479-71D650CA2798}.Debug|Any CPU.ActiveCfg = Debug|Any CPU
		{1B47EBA6-A0DE-4FBB-B479-71D650CA2798}.Debug|Any CPU.Build.0 = Debug|Any CPU
		{1B47EBA6-A0DE-4FBB-B479-71D650CA2798}.Release|Any CPU.ActiveCfg = Release|Any CPU
		{1B47EBA6-A0DE-4FBB-B479-71D650CA2798}.Release|Any CPU.Build.0 = Release|Any CPU
		{7384B35C-841C-4596-AAB8-AE2A5DE17542}.Debug|Any CPU.ActiveCfg = Debug|Any CPU
		{7384B35C-841C-4596-AAB8-AE2A5DE17542}.Debug|Any CPU.Build.0 = Debug|Any CPU
		{7384B35C-841C-4596-AAB8-AE2A5DE17542}.Release|Any CPU.ActiveCfg = Release|Any CPU
		{7384B35C-841C-4596-AAB8-AE2A5DE17542}.Release|Any CPU.Build.0 = Release|Any CPU
	EndGlobalSection
	GlobalSection(SolutionProperties) = preSolution
		HideSolutionNode = FALSE
	EndGlobalSection
	GlobalSection(ExtensibilityGlobals) = postSolution
		SolutionGuid = {E4957CF4-7B3F-4C33-AAA7-34CA8FD42F0E}
	EndGlobalSection
EndGlobal
